# This file is automatically @generated by Cargo.
# It is not intended for manual editing.
version = 3

[[package]]
name = "cc"
version = "1.0.79"
source = "registry+https://github.com/rust-lang/crates.io-index"
checksum = "50d30906286121d95be3d479533b458f87493b30a4b5f79a607db8f5d11aa91f"

[[package]]
name = "libR-sys"
version = "0.6.0"
source = "git+https://github.com/extendr/libR-sys#32d043a0cff1c8442a4feb1ee392ccfdd034c184"

[[package]]
name = "once_cell"
version = "1.18.0"
source = "registry+https://github.com/rust-lang/crates.io-index"
checksum = "dd8b5dd2ae5ed71462c540258bedcb51965123ad7e7ccf4b9a8cafaa4a63576d"

[[package]]
name = "unextendr"
version = "0.1.0"
dependencies = [
 "cc",
 "libR-sys",
 "once_cell",
]
