# This file is automatically @generated by Cargo.
# It is not intended for manual editing.
version = 3

[[package]]
name = "cc"
version = "1.0.79"
source = "registry+https://github.com/rust-lang/crates.io-index"
checksum = "50d30906286121d95be3d479533b458f87493b30a4b5f79a607db8f5d11aa91f"

[[package]]
name = "libR-sys"
version = "0.4.0"
source = "git+https://github.com/extendr/libR-sys#6a0d96a7061dc2af4c8a841470a8976e16b68100"

[[package]]
name = "once_cell"
version = "1.17.1"
source = "registry+https://github.com/rust-lang/crates.io-index"
checksum = "b7e5500299e16ebb147ae15a00a942af264cf3688f47923b8fc2cd5858f23ad3"

[[package]]
name = "unextendr"
version = "0.1.0"
dependencies = [
 "cc",
 "libR-sys",
 "once_cell",
]
