# This file is automatically @generated by Cargo.
# It is not intended for manual editing.
version = 3

[[package]]
name = "libR-sys"
version = "0.3.0"
source = "git+https://github.com/extendr/libR-sys#e73c3c1affc6384f57a83829984dee6231523129"

[[package]]
name = "unextendr"
version = "0.1.0"
dependencies = [
 "libR-sys",
]
